
Microsoft Visual Studio Solution File, Format Version 12.00
# Visual Studio Version 17
VisualStudioVersion = 17.0.32014.148
MinimumVisualStudioVersion = 10.0.40219.1
Project("{9A19103F-16F7-4668-BE54-9A1E7A4F7556}") = "GPNA.AlarmControlSystem", "GPNA.AlarmControlSystem\GPNA.AlarmControlSystem.csproj", "{14B32542-C700-44C0-A028-1F0651F15E8C}"
EndProject
Project("{2150E333-8FDC-42A3-9474-1A3956D46DE8}") = "SolutionFolder", "SolutionFolder", "{B1370F44-E678-460E-AEDC-4430287FEE92}"
	ProjectSection(SolutionItems) = preProject
		nuget.config = nuget.config
		CI\Jenkinsfile-build = CI\Jenkinsfile-build
	EndProjectSection
EndProject
Global
	GlobalSection(SolutionConfigurationPlatforms) = preSolution
		Debug|Any CPU = Debug|Any CPU
		Release|Any CPU = Release|Any CPU
	EndGlobalSection
	GlobalSection(ProjectConfigurationPlatforms) = postSolution
		{14B32542-C700-44C0-A028-1F0651F15E8C}.Debug|Any CPU.ActiveCfg = Debug|Any CPU
		{14B32542-C700-44C0-A028-1F0651F15E8C}.Debug|Any CPU.Build.0 = Debug|Any CPU
		{14B32542-C700-44C0-A028-1F0651F15E8C}.Release|Any CPU.ActiveCfg = Release|Any CPU
		{14B32542-C700-44C0-A028-1F0651F15E8C}.Release|Any CPU.Build.0 = Release|Any CPU
	EndGlobalSection
	GlobalSection(SolutionProperties) = preSolution
		HideSolutionNode = FALSE
	EndGlobalSection
	GlobalSection(ExtensibilityGlobals) = postSolution
		SolutionGuid = {7EA20944-F483-47ED-A11C-06CB85EFAB41}
	EndGlobalSection
EndGlobal
